
Microsoft Visual Studio Solution File, Format Version 12.00
# Visual Studio Version 17
VisualStudioVersion = 17.9.34607.119
MinimumVisualStudioVersion = 10.0.40219.1
Project("{9A19103F-16F7-4668-BE54-9A1E7A4F7556}") = "BeestjeFeestje_2119859_FlorisWeijns", "BeestjeFeestje_2119859_FlorisWeijns\BeestjeFeestje_2119859_FlorisWeijns.csproj", "{FB0EC011-E631-4678-B8FF-AF1C3DE6D5A8}"
EndProject
Project("{2150E333-8FDC-42A3-9474-1A3956D46DE8}") = "Solution Items", "Solution Items", "{16D00F27-5013-4A14-8614-8405D1B088B9}"
	ProjectSection(SolutionItems) = preProject
		ReadMe.md = ReadMe.md
	EndProjectSection
EndProject
Project("{FAE04EC0-301F-11D3-BF4B-00C04F79EFBC}") = "BeestjeFeestje.Data", "BeestjeFeestje.Data\BeestjeFeestje.Data.csproj", "{3CAFBD8D-577E-4EE7-B675-287632B66C8E}"
EndProject
Project("{FAE04EC0-301F-11D3-BF4B-00C04F79EFBC}") = "BeestjeFeestje.Test", "BeestjeFeestje.Test\BeestjeFeestje.Test.csproj", "{019A3CD0-DA42-4C4B-B32F-2E61FDF75AB2}"
EndProject
Project("{FAE04EC0-301F-11D3-BF4B-00C04F79EFBC}") = "BeestjeFeestje.Domain", "BeestjeFeestje.Domain\BeestjeFeestje.Domain.csproj", "{30006484-FA0F-42A4-BD7F-67ABBE8DB136}"
EndProject
Global
	GlobalSection(SolutionConfigurationPlatforms) = preSolution
		Debug|Any CPU = Debug|Any CPU
		Release|Any CPU = Release|Any CPU
	EndGlobalSection
	GlobalSection(ProjectConfigurationPlatforms) = postSolution
		{FB0EC011-E631-4678-B8FF-AF1C3DE6D5A8}.Debug|Any CPU.ActiveCfg = Debug|Any CPU
		{FB0EC011-E631-4678-B8FF-AF1C3DE6D5A8}.Debug|Any CPU.Build.0 = Debug|Any CPU
		{FB0EC011-E631-4678-B8FF-AF1C3DE6D5A8}.Release|Any CPU.ActiveCfg = Release|Any CPU
		{FB0EC011-E631-4678-B8FF-AF1C3DE6D5A8}.Release|Any CPU.Build.0 = Release|Any CPU
		{3CAFBD8D-577E-4EE7-B675-287632B66C8E}.Debug|Any CPU.ActiveCfg = Debug|Any CPU
		{3CAFBD8D-577E-4EE7-B675-287632B66C8E}.Debug|Any CPU.Build.0 = Debug|Any CPU
		{3CAFBD8D-577E-4EE7-B675-287632B66C8E}.Release|Any CPU.ActiveCfg = Release|Any CPU
		{3CAFBD8D-577E-4EE7-B675-287632B66C8E}.Release|Any CPU.Build.0 = Release|Any CPU
		{019A3CD0-DA42-4C4B-B32F-2E61FDF75AB2}.Debug|Any CPU.ActiveCfg = Debug|Any CPU
		{019A3CD0-DA42-4C4B-B32F-2E61FDF75AB2}.Debug|Any CPU.Build.0 = Debug|Any CPU
		{019A3CD0-DA42-4C4B-B32F-2E61FDF75AB2}.Release|Any CPU.ActiveCfg = Release|Any CPU
		{019A3CD0-DA42-4C4B-B32F-2E61FDF75AB2}.Release|Any CPU.Build.0 = Release|Any CPU
		{30006484-FA0F-42A4-BD7F-67ABBE8DB136}.Debug|Any CPU.ActiveCfg = Debug|Any CPU
		{30006484-FA0F-42A4-BD7F-67ABBE8DB136}.Debug|Any CPU.Build.0 = Debug|Any CPU
		{30006484-FA0F-42A4-BD7F-67ABBE8DB136}.Release|Any CPU.ActiveCfg = Release|Any CPU
		{30006484-FA0F-42A4-BD7F-67ABBE8DB136}.Release|Any CPU.Build.0 = Release|Any CPU
	EndGlobalSection
	GlobalSection(SolutionProperties) = preSolution
		HideSolutionNode = FALSE
	EndGlobalSection
	GlobalSection(ExtensibilityGlobals) = postSolution
		SolutionGuid = {333BBDF1-C92C-49AB-AD7B-0D777B859ED3}
	EndGlobalSection
EndGlobal
